{
  "name": "server",
  "version": "1.0.0",
  "lockfileVersion": 3,
  "requires": true,
  "packages": {
    "": {
      "name": "server",
      "version": "1.0.0",
      "dependencies": {
        "game-shared": "file:../shared",
        "net-server": "file:../lib/net-server"
      }
    },
    "../lib/net-server": {
      "version": "0.0.1",
      "dependencies": {
        "net-schema": "file:../net-schema",
        "node-datachannel": "^0.12.0",
        "ws": "^8.18.0"
      }
    },
    "../shared": {
      "name": "game-shared",
      "version": "1.0.0",
      "dependencies": {
        "net-schema": "file:../lib/net-schema"
      }
    },
    "node_modules/game-shared": {
      "resolved": "../shared",
      "link": true
    },
    "node_modules/net-server": {
      "resolved": "../lib/net-server",
      "link": true
    }
  }
}
